{
  "originHash" : "dfd3fc413191e0298cda58fd21cd72bce67fc11f21102ebcd115f4eb3ac5ed88",
  "pins" : [
    {
      "identity" : "estabbarcontroller",
      "kind" : "remoteSourceControl",
      "location" : "https://github.com/MobileDev-iOS-ICT/ESTabBarController",
      "state" : {
        "branch" : "master",
        "revision" : "0cd558180cab04af0c03fd17c918bc2bc46f3569"
      }
    },
    {
      "identity" : "lottie-ios",
      "kind" : "remoteSourceControl",
      "location" : "https://github.com/airbnb/lottie-ios.git",
      "state" : {
        "revision" : "d6feea26a370019b4d3a85f5984cb95a2734776f",
        "version" : "4.2.0"
      }
    },
    {
      "identity" : "pop",
      "kind" : "remoteSourceControl",
      "location" : "https://github.com/navartis/pop.git",
      "state" : {
        "branch" : "1.0.11-vs-spm",
        "revision" : "48da630fcac333cb831090e5b17998e84cf9d0b7"
      }
    }
  ],
  "version" : 3
}
